
Microsoft Visual Studio Solution File, Format Version 12.00
# Visual Studio 14
VisualStudioVersion = 14.0.25420.1
MinimumVisualStudioVersion = 10.0.40219.1
Project("{FAE04EC0-301F-11D3-BF4B-00C04F79EFBC}") = "IfElsePractice", "IfElsePractice\IfElsePractice.csproj", "{9FC91FF0-C1C3-42CE-B0AB-48B1183BAB32}"
EndProject
Global
	GlobalSection(SolutionConfigurationPlatforms) = preSolution
		Debug|Any CPU = Debug|Any CPU
		Release|Any CPU = Release|Any CPU
	EndGlobalSection
	GlobalSection(ProjectConfigurationPlatforms) = postSolution
		{9FC91FF0-C1C3-42CE-B0AB-48B1183BAB32}.Debug|Any CPU.ActiveCfg = Debug|Any CPU
		{9FC91FF0-C1C3-42CE-B0AB-48B1183BAB32}.Debug|Any CPU.Build.0 = Debug|Any CPU
		{9FC91FF0-C1C3-42CE-B0AB-48B1183BAB32}.Release|Any CPU.ActiveCfg = Release|Any CPU
		{9FC91FF0-C1C3-42CE-B0AB-48B1183BAB32}.Release|Any CPU.Build.0 = Release|Any CPU
	EndGlobalSection
	GlobalSection(SolutionProperties) = preSolution
		HideSolutionNode = FALSE
	EndGlobalSection
EndGlobal
